<Solution>
  <Configurations>
    <Platform Name="x64" />
  </Configurations>
  <Folder Name="/ソリューション項目/" />
  <Project Path="CG2/CG2.vcxproj" Id="7b502fbe-30c4-42a6-a49f-5b97e879d4c5" />
  <Project Path="CG2/externals/DirectXTex/DirectXTex_Desktop_2022_Win10.vcxproj" Id="371b9fa9-4c90-4ac6-a123-aced756d6c77" />
</Solution>
