<?xml version="1.0" encoding="utf-8"?>
<Project ToolsVersion="4.0" xmlns="http://schemas.microsoft.com/developer/msbuild/2003">
  <ItemGroup>
    <Filter Include="ソース ファイル">
      <UniqueIdentifier>{4FC737F1-C7A5-4376-A066-2A32D752A2FF}</UniqueIdentifier>
      <Extensions>cpp;c;cc;cxx;c++;cppm;ixx;def;odl;idl;hpj;bat;asm;asmx</Extensions>
    </Filter>
    <Filter Include="ヘッダー ファイル">
      <UniqueIdentifier>{93995380-89BD-4b04-88EB-625FBE52EBFB}</UniqueIdentifier>
      <Extensions>h;hh;hpp;hxx;h++;hm;inl;inc;ipp;xsd</Extensions>
    </Filter>
    <Filter Include="リソース ファイル">
      <UniqueIdentifier>{67DA6AB6-F800-4c08-8B7A-83BB121AAD01}</UniqueIdentifier>
      <Extensions>rc;ico;cur;bmp;dlg;rc2;rct;bin;rgs;gif;jpg;jpeg;jpe;resx;tiff;tif;png;wav;mfcribbon-ms</Extensions>
    </Filter>
    <Filter Include="RunaEngine">
      <UniqueIdentifier>{a7ef79e0-0887-492e-ab04-f9a00c6aaeb7}</UniqueIdentifier>
    </Filter>
    <Filter Include="RunaEngine\Audio">
      <UniqueIdentifier>{53f2f5d0-7fc5-4ea3-95eb-06dc63118e32}</UniqueIdentifier>
    </Filter>
    <Filter Include="RunaEngine\Core">
      <UniqueIdentifier>{fa97b671-8a17-4519-af95-117b7a87b635}</UniqueIdentifier>
    </Filter>
    <Filter Include="RunaEngine\Graphics">
      <UniqueIdentifier>{ff501d5a-cd4b-4887-b816-66ba84524881}</UniqueIdentifier>
    </Filter>
    <Filter Include="RunaEngine\Input">
      <UniqueIdentifier>{0b13fb0d-02a7-45fa-a5e2-cea5c14d36d9}</UniqueIdentifier>
    </Filter>
    <Filter Include="RunaEngine\Math">
      <UniqueIdentifier>{0f0e12ca-fcf8-4b76-919e-452aba37cb13}</UniqueIdentifier>
    </Filter>
    <Filter Include="RunaEngine\UI">
      <UniqueIdentifier>{16d24e5f-faf0-44c8-af47-aa0cd737776a}</UniqueIdentifier>
    </Filter>
  </ItemGroup>
  <ItemGroup>
    <None Include=".editorconfig" />
    <None Include="RunaEngine\Graphics\Object3d.hlsli">
      <Filter>RunaEngine\Graphics</Filter>
    </None>
  </ItemGroup>
  <ItemGroup>
    <ClCompile Include="main.cpp">
      <Filter>ソース ファイル</Filter>
    </ClCompile>
    <ClCompile Include="RunaEngine\RunaEngine.cpp">
      <Filter>RunaEngine</Filter>
    </ClCompile>
    <ClCompile Include="RunaEngine\Audio\SoundManager.cpp">
      <Filter>RunaEngine\Audio</Filter>
    </ClCompile>
    <ClCompile Include="RunaEngine\Core\ConvertString.cpp">
      <Filter>RunaEngine\Core</Filter>
    </ClCompile>
    <ClCompile Include="RunaEngine\Core\CrashHandler.cpp">
      <Filter>RunaEngine\Core</Filter>
    </ClCompile>
    <ClCompile Include="RunaEngine\Core\DescriptorHeap.cpp">
      <Filter>RunaEngine\Core</Filter>
    </ClCompile>
    <ClCompile Include="RunaEngine\Core\DirectXCommon.cpp">
      <Filter>RunaEngine\Core</Filter>
    </ClCompile>
    <ClCompile Include="RunaEngine\Core\DirectXDebug.cpp">
      <Filter>RunaEngine\Core</Filter>
    </ClCompile>
    <ClCompile Include="RunaEngine\Core\Log.cpp">
      <Filter>RunaEngine\Core</Filter>
    </ClCompile>
    <ClCompile Include="RunaEngine\Core\ResourceManager.cpp">
      <Filter>RunaEngine\Core</Filter>
    </ClCompile>
    <ClCompile Include="RunaEngine\Core\ShaderCompiler.cpp">
      <Filter>RunaEngine\Core</Filter>
    </ClCompile>
    <ClCompile Include="RunaEngine\Core\TextureManager.cpp">
      <Filter>RunaEngine\Core</Filter>
    </ClCompile>
    <ClCompile Include="RunaEngine\Core\WinApp.cpp">
      <Filter>RunaEngine\Core</Filter>
    </ClCompile>
    <ClCompile Include="RunaEngine\Graphics\DirectionalLight.cpp">
      <Filter>RunaEngine\Graphics</Filter>
    </ClCompile>
    <ClCompile Include="RunaEngine\Graphics\GraphicsPipeline.cpp">
      <Filter>RunaEngine\Graphics</Filter>
    </ClCompile>
    <ClCompile Include="RunaEngine\Graphics\Model.cpp">
      <Filter>RunaEngine\Graphics</Filter>
    </ClCompile>
    <ClCompile Include="RunaEngine\Graphics\ModelLoader.cpp">
      <Filter>RunaEngine\Graphics</Filter>
    </ClCompile>
    <ClCompile Include="RunaEngine\Graphics\Object3D.cpp">
      <Filter>RunaEngine\Graphics</Filter>
    </ClCompile>
    <ClCompile Include="RunaEngine\Graphics\Primitive3D.cpp">
      <Filter>RunaEngine\Graphics</Filter>
    </ClCompile>
    <ClCompile Include="RunaEngine\Graphics\PrimitiveGraphicsPipeline.cpp">
      <Filter>RunaEngine\Graphics</Filter>
    </ClCompile>
    <ClCompile Include="RunaEngine\Graphics\Renderer.cpp">
      <Filter>RunaEngine\Graphics</Filter>
    </ClCompile>
    <ClCompile Include="RunaEngine\Graphics\Sprite.cpp">
      <Filter>RunaEngine\Graphics</Filter>
    </ClCompile>
    <ClCompile Include="RunaEngine\Graphics\transformNormal.cpp">
      <Filter>RunaEngine\Graphics</Filter>
    </ClCompile>
    <ClCompile Include="RunaEngine\Input\DebugCamera.cpp">
      <Filter>RunaEngine\Input</Filter>
    </ClCompile>
    <ClCompile Include="RunaEngine\Input\Input.cpp">
      <Filter>RunaEngine\Input</Filter>
    </ClCompile>
    <ClCompile Include="RunaEngine\Math\AffineMatrix.cpp">
      <Filter>RunaEngine\Math</Filter>
    </ClCompile>
    <ClCompile Include="RunaEngine\Math\Matrix4x4.cpp">
      <Filter>RunaEngine\Math</Filter>
    </ClCompile>
    <ClCompile Include="RunaEngine\Math\Vector3.cpp">
      <Filter>RunaEngine\Math</Filter>
    </ClCompile>
    <ClCompile Include="RunaEngine\Math\WVPMatrix.cpp">
      <Filter>RunaEngine\Math</Filter>
    </ClCompile>
    <ClCompile Include="RunaEngine\UI\ImGuiManager.cpp">
      <Filter>RunaEngine\UI</Filter>
    </ClCompile>
    <ClCompile Include="RunaEngine\externals\imgui\imgui.cpp">
      <Filter>ソース ファイル</Filter>
    </ClCompile>
    <ClCompile Include="RunaEngine\externals\imgui\imgui_demo.cpp">
      <Filter>ソース ファイル</Filter>
    </ClCompile>
    <ClCompile Include="RunaEngine\externals\imgui\imgui_draw.cpp">
      <Filter>ソース ファイル</Filter>
    </ClCompile>
    <ClCompile Include="RunaEngine\externals\imgui\imgui_impl_dx12.cpp">
      <Filter>ソース ファイル</Filter>
    </ClCompile>
    <ClCompile Include="RunaEngine\externals\imgui\imgui_impl_win32.cpp">
      <Filter>ソース ファイル</Filter>
    </ClCompile>
    <ClCompile Include="RunaEngine\externals\imgui\imgui_tables.cpp">
      <Filter>ソース ファイル</Filter>
    </ClCompile>
    <ClCompile Include="RunaEngine\externals\imgui\imgui_widgets.cpp">
      <Filter>ソース ファイル</Filter>
    </ClCompile>
    <ClCompile Include="RunaEngine\Graphics\SpriteGraphicsPipeline.cpp">
      <Filter>RunaEngine\Graphics</Filter>
    </ClCompile>
    <ClCompile Include="RunaEngine\Core\GameTimer.cpp">
      <Filter>RunaEngine\Core</Filter>
    </ClCompile>
    <ClCompile Include="RunaEngine\Graphics\SpriteAnimator.cpp">
      <Filter>ソース ファイル</Filter>
    </ClCompile>
    <ClCompile Include="Object.cpp">
      <Filter>ソース ファイル</Filter>
    </ClCompile>
  </ItemGroup>
  <ItemGroup>
    <ClInclude Include="RunaEngine\Audio\SoundManager.h">
      <Filter>RunaEngine\Audio</Filter>
    </ClInclude>
    <ClInclude Include="RunaEngine\RunaEngine.h">
      <Filter>RunaEngine</Filter>
    </ClInclude>
    <ClInclude Include="RunaEngine\Core\ConvertString.h">
      <Filter>RunaEngine\Core</Filter>
    </ClInclude>
    <ClInclude Include="RunaEngine\Core\CrashHandler.h">
      <Filter>RunaEngine\Core</Filter>
    </ClInclude>
    <ClInclude Include="RunaEngine\Core\D3DResourceLeakChecker.h">
      <Filter>RunaEngine\Core</Filter>
    </ClInclude>
    <ClInclude Include="RunaEngine\Core\DescriptorHeap.h">
      <Filter>RunaEngine\Core</Filter>
    </ClInclude>
    <ClInclude Include="RunaEngine\Core\DirectXCommon.h">
      <Filter>RunaEngine\Core</Filter>
    </ClInclude>
    <ClInclude Include="RunaEngine\Core\DirectXDebug.h">
      <Filter>RunaEngine\Core</Filter>
    </ClInclude>
    <ClInclude Include="RunaEngine\Core\Log.h">
      <Filter>RunaEngine\Core</Filter>
    </ClInclude>
    <ClInclude Include="RunaEngine\Core\ResourceManager.h">
      <Filter>RunaEngine\Core</Filter>
    </ClInclude>
    <ClInclude Include="RunaEngine\Core\ShaderCompiler.h">
      <Filter>RunaEngine\Core</Filter>
    </ClInclude>
    <ClInclude Include="RunaEngine\Core\TextureManager.h">
      <Filter>RunaEngine\Core</Filter>
    </ClInclude>
    <ClInclude Include="RunaEngine\Core\WinApp.h">
      <Filter>RunaEngine\Core</Filter>
    </ClInclude>
    <ClInclude Include="RunaEngine\Graphics\ConstantBuffer.h">
      <Filter>RunaEngine\Graphics</Filter>
    </ClInclude>
    <ClInclude Include="RunaEngine\Graphics\DirectionalLight.h">
      <Filter>RunaEngine\Graphics</Filter>
    </ClInclude>
    <ClInclude Include="RunaEngine\Graphics\GraphicsPipeline.h">
      <Filter>RunaEngine\Graphics</Filter>
    </ClInclude>
    <ClInclude Include="RunaEngine\Graphics\Material.h">
      <Filter>RunaEngine\Graphics</Filter>
    </ClInclude>
    <ClInclude Include="RunaEngine\Graphics\MaterialData.h">
      <Filter>RunaEngine\Graphics</Filter>
    </ClInclude>
    <ClInclude Include="RunaEngine\Graphics\Model.h">
      <Filter>RunaEngine\Graphics</Filter>
    </ClInclude>
    <ClInclude Include="RunaEngine\Graphics\ModelData.h">
      <Filter>RunaEngine\Graphics</Filter>
    </ClInclude>
    <ClInclude Include="RunaEngine\Graphics\ModelLoader.h">
      <Filter>RunaEngine\Graphics</Filter>
    </ClInclude>
    <ClInclude Include="RunaEngine\Graphics\Object3D.h">
      <Filter>RunaEngine\Graphics</Filter>
    </ClInclude>
    <ClInclude Include="RunaEngine\Graphics\Primitive3D.h">
      <Filter>RunaEngine\Graphics</Filter>
    </ClInclude>
    <ClInclude Include="RunaEngine\Graphics\PrimitiveGraphicsPipeline.h">
      <Filter>RunaEngine\Graphics</Filter>
    </ClInclude>
    <ClInclude Include="RunaEngine\Graphics\Renderer.h">
      <Filter>RunaEngine\Graphics</Filter>
    </ClInclude>
    <ClInclude Include="RunaEngine\Graphics\Sprite.h">
      <Filter>RunaEngine\Graphics</Filter>
    </ClInclude>
    <ClInclude Include="RunaEngine\Graphics\TransformationMatrix.h">
      <Filter>RunaEngine\Graphics</Filter>
    </ClInclude>
    <ClInclude Include="RunaEngine\Graphics\transformNormal.h">
      <Filter>RunaEngine\Graphics</Filter>
    </ClInclude>
    <ClInclude Include="RunaEngine\Graphics\VertexData.h">
      <Filter>RunaEngine\Graphics</Filter>
    </ClInclude>
    <ClInclude Include="RunaEngine\Input\DebugCamera.h">
      <Filter>RunaEngine\Input</Filter>
    </ClInclude>
    <ClInclude Include="RunaEngine\Input\Input.h">
      <Filter>RunaEngine\Input</Filter>
    </ClInclude>
    <ClInclude Include="RunaEngine\Math\AffineMatrix.h">
      <Filter>RunaEngine\Math</Filter>
    </ClInclude>
    <ClInclude Include="RunaEngine\Math\Matrix4x4.h">
      <Filter>RunaEngine\Math</Filter>
    </ClInclude>
    <ClInclude Include="RunaEngine\Math\Transform.h">
      <Filter>RunaEngine\Math</Filter>
    </ClInclude>
    <ClInclude Include="RunaEngine\Math\Vector2.h">
      <Filter>RunaEngine\Math</Filter>
    </ClInclude>
    <ClInclude Include="RunaEngine\Math\Vector3.h">
      <Filter>RunaEngine\Math</Filter>
    </ClInclude>
    <ClInclude Include="RunaEngine\Math\Vector4.h">
      <Filter>RunaEngine\Math</Filter>
    </ClInclude>
    <ClInclude Include="RunaEngine\Math\WVPMatrix.h">
      <Filter>RunaEngine\Math</Filter>
    </ClInclude>
    <ClInclude Include="RunaEngine\UI\ImGuiManager.h">
      <Filter>RunaEngine\UI</Filter>
    </ClInclude>
    <ClInclude Include="RunaEngine\externals\imgui\imconfig.h">
      <Filter>ヘッダー ファイル</Filter>
    </ClInclude>
    <ClInclude Include="RunaEngine\externals\imgui\imgui.h">
      <Filter>ヘッダー ファイル</Filter>
    </ClInclude>
    <ClInclude Include="RunaEngine\externals\imgui\imgui_impl_dx12.h">
      <Filter>ヘッダー ファイル</Filter>
    </ClInclude>
    <ClInclude Include="RunaEngine\externals\imgui\imgui_impl_win32.h">
      <Filter>ヘッダー ファイル</Filter>
    </ClInclude>
    <ClInclude Include="RunaEngine\externals\imgui\imgui_internal.h">
      <Filter>ヘッダー ファイル</Filter>
    </ClInclude>
    <ClInclude Include="RunaEngine\externals\imgui\imstb_rectpack.h">
      <Filter>ヘッダー ファイル</Filter>
    </ClInclude>
    <ClInclude Include="RunaEngine\externals\imgui\imstb_textedit.h">
      <Filter>ヘッダー ファイル</Filter>
    </ClInclude>
    <ClInclude Include="RunaEngine\externals\imgui\imstb_truetype.h">
      <Filter>ヘッダー ファイル</Filter>
    </ClInclude>
    <ClInclude Include="RunaEngine\Graphics\SpriteGraphicsPipeline.h">
      <Filter>RunaEngine\Graphics</Filter>
    </ClInclude>
    <ClInclude Include="RunaEngine\Graphics\SpriteDrawCommand.h">
      <Filter>RunaEngine\Graphics</Filter>
    </ClInclude>
    <ClInclude Include="TextureSize.h">
      <Filter>ヘッダー ファイル</Filter>
    </ClInclude>
    <ClInclude Include="RunaEngine\Core\GameTimer.h">
      <Filter>RunaEngine\Core</Filter>
    </ClInclude>
    <ClInclude Include="RunaEngine\Graphics\SpriteAnimationClip.h">
      <Filter>ヘッダー ファイル</Filter>
    </ClInclude>
    <ClInclude Include="RunaEngine\Graphics\SpriteAnimator.h">
      <Filter>ヘッダー ファイル</Filter>
    </ClInclude>
    <ClInclude Include="RunaEngine\Graphics\SpriteMaterial.h">
      <Filter>ヘッダー ファイル</Filter>
    </ClInclude>
    <ClInclude Include="RunaEngine\Input\InputTypes.h">
      <Filter>ヘッダー ファイル</Filter>
    </ClInclude>
    <ClInclude Include="RunaEngine\Graphics\LightingMode.h">
      <Filter>RunaEngine\Graphics</Filter>
    </ClInclude>
    <ClInclude Include="RunaEngine\Graphics\MeshData.h">
      <Filter>RunaEngine\Graphics</Filter>
    </ClInclude>
    <ClInclude Include="RunaEngine\Graphics\ModelDrawParameters.h">
      <Filter>RunaEngine\Graphics</Filter>
    </ClInclude>
    <ClInclude Include="Object.h">
      <Filter>ヘッダー ファイル</Filter>
    </ClInclude>
  </ItemGroup>
  <ItemGroup>
    <FxCompile Include="RunaEngine\Graphics\Object3d.PS.hlsl">
      <Filter>RunaEngine\Graphics</Filter>
    </FxCompile>
    <FxCompile Include="RunaEngine\Graphics\Object3d.VS.hlsl">
      <Filter>RunaEngine\Graphics</Filter>
    </FxCompile>
    <FxCompile Include="RunaEngine\Graphics\Primitive3D.PS.hlsl">
      <Filter>RunaEngine\Graphics</Filter>
    </FxCompile>
    <FxCompile Include="RunaEngine\Graphics\Sprite.PS.hlsl">
      <Filter>RunaEngine\Graphics</Filter>
    </FxCompile>
    <FxCompile Include="RunaEngine\Graphics\Sprite.VS.hlsl">
      <Filter>RunaEngine\Graphics</Filter>
    </FxCompile>
  </ItemGroup>
  <ItemGroup>
    <Text Include="RunaEngine\externals\imgui\LICENSE.txt" />
  </ItemGroup>
</Project>